// !$*UTF8*$!
{
	archiveVersion = 1;
	classes = {
	};
	objectVersion = 46;
	objects = {

/* Begin PBXBuildFile section */
		AE52A478FD0DAD49BB6E4DEF /* libPods-RX3_ExtExample.a in Frameworks */ = {isa = PBXBuildFile; fileRef = 2299EF27DD62D3D122AC7637 /* libPods-RX3_ExtExample.a */; };
		C96DF0C41E5D708300DB1EDD /* main.m in Sources */ = {isa = PBXBuildFile; fileRef = C96DF0C31E5D708300DB1EDD /* main.m */; };
		C96DF0C71E5D708300DB1EDD /* AppDelegate.m in Sources */ = {isa = PBXBuildFile; fileRef = C96DF0C61E5D708300DB1EDD /* AppDelegate.m */; };
		C96DF0CF1E5D708300DB1EDD /* Assets.xcassets in Resources */ = {isa = PBXBuildFile; fileRef = C96DF0CE1E5D708300DB1EDD /* Assets.xcassets */; };
		C96DF0DC1E5D70CC00DB1EDD /* MainViewController.m in Sources */ = {isa = PBXBuildFile; fileRef = C96DF0DA1E5D70CC00DB1EDD /* MainViewController.m */; };
		C96DF0DD1E5D70CC00DB1EDD /* MainViewController.xib in Resources */ = {isa = PBXBuildFile; fileRef = C96DF0DB1E5D70CC00DB1EDD /* MainViewController.xib */; };
		C96DF0E11E5D759B00DB1EDD /* RXThirdManager.m in Sources */ = {isa = PBXBuildFile; fileRef = C96DF0E01E5D759B00DB1EDD /* RXThirdManager.m */; };
/* End PBXBuildFile section */

/* Begin PBXFileReference section */
		2299EF27DD62D3D122AC7637 /* libPods-RX3_ExtExample.a */ = {isa = PBXFileReference; explicitFileType = archive.ar; includeInIndex = 0; path = "libPods-RX3_ExtExample.a"; sourceTree = BUILT_PRODUCTS_DIR; };
		A38D32005036A3D3B35D58EB /* Pods-RX3_ExtExample.release.xcconfig */ = {isa = PBXFileReference; includeInIndex = 1; lastKnownFileType = text.xcconfig; name = "Pods-RX3_ExtExample.release.xcconfig"; path = "Pods/Target Support Files/Pods-RX3_ExtExample/Pods-RX3_ExtExample.release.xcconfig"; sourceTree = "<group>"; };
		C96DF0BF1E5D708300DB1EDD /* RX3_ExtExample.app */ = {isa = PBXFileReference; explicitFileType = wrapper.application; includeInIndex = 0; path = RX3_ExtExample.app; sourceTree = BUILT_PRODUCTS_DIR; };
		C96DF0C31E5D708300DB1EDD /* main.m */ = {isa = PBXFileReference; lastKnownFileType = sourcecode.c.objc; path = main.m; sourceTree = "<group>"; };
		C96DF0C51E5D708300DB1EDD /* AppDelegate.h */ = {isa = PBXFileReference; lastKnownFileType = sourcecode.c.h; path = AppDelegate.h; sourceTree = "<group>"; };
		C96DF0C61E5D708300DB1EDD /* AppDelegate.m */ = {isa = PBXFileReference; lastKnownFileType = sourcecode.c.objc; path = AppDelegate.m; sourceTree = "<group>"; };
		C96DF0CE1E5D708300DB1EDD /* Assets.xcassets */ = {isa = PBXFileReference; lastKnownFileType = folder.assetcatalog; path = Assets.xcassets; sourceTree = "<group>"; };
		C96DF0D31E5D708300DB1EDD /* Info.plist */ = {isa = PBXFileReference; lastKnownFileType = text.plist.xml; path = Info.plist; sourceTree = "<group>"; };
		C96DF0D91E5D70CC00DB1EDD /* MainViewController.h */ = {isa = PBXFileReference; fileEncoding = 4; lastKnownFileType = sourcecode.c.h; path = MainViewController.h; sourceTree = "<group>"; };
		C96DF0DA1E5D70CC00DB1EDD /* MainViewController.m */ = {isa = PBXFileReference; fileEncoding = 4; lastKnownFileType = sourcecode.c.objc; path = MainViewController.m; sourceTree = "<group>"; };
		C96DF0DB1E5D70CC00DB1EDD /* MainViewController.xib */ = {isa = PBXFileReference; fileEncoding = 4; lastKnownFileType = file.xib; path = MainViewController.xib; sourceTree = "<group>"; };
		C96DF0DF1E5D759B00DB1EDD /* RXThirdManager.h */ = {isa = PBXFileReference; fileEncoding = 4; lastKnownFileType = sourcecode.c.h; path = RXThirdManager.h; sourceTree = "<group>"; };
		C96DF0E01E5D759B00DB1EDD /* RXThirdManager.m */ = {isa = PBXFileReference; fileEncoding = 4; lastKnownFileType = sourcecode.c.objc; path = RXThirdManager.m; sourceTree = "<group>"; };
		F3BBF5F1FCCE9428ACAD127A /* Pods-RX3_ExtExample.debug.xcconfig */ = {isa = PBXFileReference; includeInIndex = 1; lastKnownFileType = text.xcconfig; name = "Pods-RX3_ExtExample.debug.xcconfig"; path = "Pods/Target Support Files/Pods-RX3_ExtExample/Pods-RX3_ExtExample.debug.xcconfig"; sourceTree = "<group>"; };
/* End PBXFileReference section */

/* Begin PBXFrameworksBuildPhase section */
		C96DF0BC1E5D708300DB1EDD /* Frameworks */ = {
			isa = PBXFrameworksBuildPhase;
			buildActionMask = 2147483647;
			files = (
				AE52A478FD0DAD49BB6E4DEF /* libPods-RX3_ExtExample.a in Frameworks */,
			);
			runOnlyForDeploymentPostprocessing = 0;
		};
/* End PBXFrameworksBuildPhase section */

/* Begin PBXGroup section */
		044D1D9325EC6797DAF1D2CA /* Frameworks */ = {
			isa = PBXGroup;
			children = (
				2299EF27DD62D3D122AC7637 /* libPods-RX3_ExtExample.a */,
			);
			name = Frameworks;
			sourceTree = "<group>";
		};
		0554A365447E146671667B2A /* Pods */ = {
			isa = PBXGroup;
			children = (
				F3BBF5F1FCCE9428ACAD127A /* Pods-RX3_ExtExample.debug.xcconfig */,
				A38D32005036A3D3B35D58EB /* Pods-RX3_ExtExample.release.xcconfig */,
			);
			name = Pods;
			sourceTree = "<group>";
		};
		C96DF0B61E5D708200DB1EDD = {
			isa = PBXGroup;
			children = (
				C96DF0DE1E5D755F00DB1EDD /* RX3_Ext */,
				C96DF0C11E5D708300DB1EDD /* RX3_ExtExample */,
				C96DF0C01E5D708300DB1EDD /* Products */,
				0554A365447E146671667B2A /* Pods */,
				044D1D9325EC6797DAF1D2CA /* Frameworks */,
			);
			sourceTree = "<group>";
		};
		C96DF0C01E5D708300DB1EDD /* Products */ = {
			isa = PBXGroup;
			children = (
				C96DF0BF1E5D708300DB1EDD /* RX3_ExtExample.app */,
			);
			name = Products;
			sourceTree = "<group>";
		};
		C96DF0C11E5D708300DB1EDD /* RX3_ExtExample */ = {
			isa = PBXGroup;
			children = (
				C96DF0C51E5D708300DB1EDD /* AppDelegate.h */,
				C96DF0C61E5D708300DB1EDD /* AppDelegate.m */,
				C96DF0CE1E5D708300DB1EDD /* Assets.xcassets */,
				C96DF0D31E5D708300DB1EDD /* Info.plist */,
				C96DF0C21E5D708300DB1EDD /* Supporting Files */,
				C96DF0D91E5D70CC00DB1EDD /* MainViewController.h */,
				C96DF0DA1E5D70CC00DB1EDD /* MainViewController.m */,
				C96DF0DB1E5D70CC00DB1EDD /* MainViewController.xib */,
			);
			path = RX3_ExtExample;
			sourceTree = "<group>";
		};
		C96DF0C21E5D708300DB1EDD /* Supporting Files */ = {
			isa = PBXGroup;
			children = (
				C96DF0C31E5D708300DB1EDD /* main.m */,
			);
			name = "Supporting Files";
			sourceTree = "<group>";
		};
		C96DF0DE1E5D755F00DB1EDD /* RX3_Ext */ = {
			isa = PBXGroup;
			children = (
				C96DF0DF1E5D759B00DB1EDD /* RXThirdManager.h */,
				C96DF0E01E5D759B00DB1EDD /* RXThirdManager.m */,
			);
			name = RX3_Ext;
			path = ../RX3_Ext;
			sourceTree = "<group>";
		};
/* End PBXGroup section */

/* Begin PBXNativeTarget section */
		C96DF0BE1E5D708300DB1EDD /* RX3_ExtExample */ = {
			isa = PBXNativeTarget;
			buildConfigurationList = C96DF0D61E5D708300DB1EDD /* Build configuration list for PBXNativeTarget "RX3_ExtExample" */;
			buildPhases = (
				ACB849B6F2E93AF9320ABB4B /* [CP] Check Pods Manifest.lock */,
				C96DF0BB1E5D708300DB1EDD /* Sources */,
				C96DF0BC1E5D708300DB1EDD /* Frameworks */,
				C96DF0BD1E5D708300DB1EDD /* Resources */,
				E3646AA7EEEBE6618DB82E04 /* [CP] Embed Pods Frameworks */,
				A49516F22309DF01B89150BA /* [CP] Copy Pods Resources */,
			);
			buildRules = (
			);
			dependencies = (
			);
			name = RX3_ExtExample;
			productName = RX3_ExtExample;
			productReference = C96DF0BF1E5D708300DB1EDD /* RX3_ExtExample.app */;
			productType = "com.apple.product-type.application";
		};
/* End PBXNativeTarget section */

/* Begin PBXProject section */
		C96DF0B71E5D708200DB1EDD /* Project object */ = {
			isa = PBXProject;
			attributes = {
				LastUpgradeCheck = 0820;
				ORGANIZATIONNAME = Rush;
				TargetAttributes = {
					C96DF0BE1E5D708300DB1EDD = {
						CreatedOnToolsVersion = 8.2.1;
						DevelopmentTeam = BMW986WME7;
						ProvisioningStyle = Automatic;
					};
				};
			};
			buildConfigurationList = C96DF0BA1E5D708200DB1EDD /* Build configuration list for PBXProject "RX3_ExtExample" */;
			compatibilityVersion = "Xcode 3.2";
			developmentRegion = English;
			hasScannedForEncodings = 0;
			knownRegions = (
				en,
				Base,
			);
			mainGroup = C96DF0B61E5D708200DB1EDD;
			productRefGroup = C96DF0C01E5D708300DB1EDD /* Products */;
			projectDirPath = "";
			projectRoot = "";
			targets = (
				C96DF0BE1E5D708300DB1EDD /* RX3_ExtExample */,
			);
		};
/* End PBXProject section */

/* Begin PBXResourcesBuildPhase section */
		C96DF0BD1E5D708300DB1EDD /* Resources */ = {
			isa = PBXResourcesBuildPhase;
			buildActionMask = 2147483647;
			files = (
				C96DF0CF1E5D708300DB1EDD /* Assets.xcassets in Resources */,
				C96DF0DD1E5D70CC00DB1EDD /* MainViewController.xib in Resources */,
			);
			runOnlyForDeploymentPostprocessing = 0;
		};
/* End PBXResourcesBuildPhase section */

/* Begin PBXShellScriptBuildPhase section */
		A49516F22309DF01B89150BA /* [CP] Copy Pods Resources */ = {
			isa = PBXShellScriptBuildPhase;
			buildActionMask = 2147483647;
			files = (
			);
			inputPaths = (
			);
			name = "[CP] Copy Pods Resources";
			outputPaths = (
			);
			runOnlyForDeploymentPostprocessing = 0;
			shellPath = /bin/sh;
			shellScript = "\"${SRCROOT}/Pods/Target Support Files/Pods-RX3_ExtExample/Pods-RX3_ExtExample-resources.sh\"\n";
			showEnvVarsInLog = 0;
		};
		ACB849B6F2E93AF9320ABB4B /* [CP] Check Pods Manifest.lock */ = {
			isa = PBXShellScriptBuildPhase;
			buildActionMask = 2147483647;
			files = (
			);
			inputPaths = (
			);
			name = "[CP] Check Pods Manifest.lock";
			outputPaths = (
			);
			runOnlyForDeploymentPostprocessing = 0;
			shellPath = /bin/sh;
			shellScript = "diff \"${PODS_ROOT}/../Podfile.lock\" \"${PODS_ROOT}/Manifest.lock\" > /dev/null\nif [ $? != 0 ] ; then\n    # print error to STDERR\n    echo \"error: The sandbox is not in sync with the Podfile.lock. Run 'pod install' or update your CocoaPods installation.\" >&2\n    exit 1\nfi\n";
			showEnvVarsInLog = 0;
		};
		E3646AA7EEEBE6618DB82E04 /* [CP] Embed Pods Frameworks */ = {
			isa = PBXShellScriptBuildPhase;
			buildActionMask = 2147483647;
			files = (
			);
			inputPaths = (
			);
			name = "[CP] Embed Pods Frameworks";
			outputPaths = (
			);
			runOnlyForDeploymentPostprocessing = 0;
			shellPath = /bin/sh;
			shellScript = "\"${SRCROOT}/Pods/Target Support Files/Pods-RX3_ExtExample/Pods-RX3_ExtExample-frameworks.sh\"\n";
			showEnvVarsInLog = 0;
		};
/* End PBXShellScriptBuildPhase section */

/* Begin PBXSourcesBuildPhase section */
		C96DF0BB1E5D708300DB1EDD /* Sources */ = {
			isa = PBXSourcesBuildPhase;
			buildActionMask = 2147483647;
			files = (
				C96DF0C71E5D708300DB1EDD /* AppDelegate.m in Sources */,
				C96DF0C41E5D708300DB1EDD /* main.m in Sources */,
				C96DF0DC1E5D70CC00DB1EDD /* MainViewController.m in Sources */,
				C96DF0E11E5D759B00DB1EDD /* RXThirdManager.m in Sources */,
			);
			runOnlyForDeploymentPostprocessing = 0;
		};
/* End PBXSourcesBuildPhase section */

/* Begin XCBuildConfiguration section */
		C96DF0D41E5D708300DB1EDD /* Debug */ = {
			isa = XCBuildConfiguration;
			buildSettings = {
				ALWAYS_SEARCH_USER_PATHS = NO;
				CLANG_ANALYZER_NONNULL = YES;
				CLANG_CXX_LANGUAGE_STANDARD = "gnu++0x";
				CLANG_CXX_LIBRARY = "libc++";
				CLANG_ENABLE_MODULES = YES;
				CLANG_ENABLE_OBJC_ARC = YES;
				CLANG_WARN_BOOL_CONVERSION = YES;
				CLANG_WARN_CONSTANT_CONVERSION = YES;
				CLANG_WARN_DIRECT_OBJC_ISA_USAGE = YES_ERROR;
				CLANG_WARN_DOCUMENTATION_COMMENTS = YES;
				CLANG_WARN_EMPTY_BODY = YES;
				CLANG_WARN_ENUM_CONVERSION = YES;
				CLANG_WARN_INFINITE_RECURSION = YES;
				CLANG_WARN_INT_CONVERSION = YES;
				CLANG_WARN_OBJC_ROOT_CLASS = YES_ERROR;
				CLANG_WARN_SUSPICIOUS_MOVE = YES;
				CLANG_WARN_UNREACHABLE_CODE = YES;
				CLANG_WARN__DUPLICATE_METHOD_MATCH = YES;
				"CODE_SIGN_IDENTITY[sdk=iphoneos*]" = "iPhone Developer";
				COPY_PHASE_STRIP = NO;
				DEBUG_INFORMATION_FORMAT = dwarf;
				ENABLE_STRICT_OBJC_MSGSEND = YES;
				ENABLE_TESTABILITY = YES;
				GCC_C_LANGUAGE_STANDARD = gnu99;
				GCC_DYNAMIC_NO_PIC = NO;
				GCC_NO_COMMON_BLOCKS = YES;
				GCC_OPTIMIZATION_LEVEL = 0;
				GCC_PREPROCESSOR_DEFINITIONS = (
					"DEBUG=1",
					"$(inherited)",
				);
				GCC_WARN_64_TO_32_BIT_CONVERSION = YES;
				GCC_WARN_ABOUT_RETURN_TYPE = YES_ERROR;
				GCC_WARN_UNDECLARED_SELECTOR = YES;
				GCC_WARN_UNINITIALIZED_AUTOS = YES_AGGRESSIVE;
				GCC_WARN_UNUSED_FUNCTION = YES;
				GCC_WARN_UNUSED_VARIABLE = YES;
				IPHONEOS_DEPLOYMENT_TARGET = 10.2;
				MTL_ENABLE_DEBUG_INFO = YES;
				ONLY_ACTIVE_ARCH = YES;
				SDKROOT = iphoneos;
			};
			name = Debug;
		};
		C96DF0D51E5D708300DB1EDD /* Release */ = {
			isa = XCBuildConfiguration;
			buildSettings = {
				ALWAYS_SEARCH_USER_PATHS = NO;
				CLANG_ANALYZER_NONNULL = YES;
				CLANG_CXX_LANGUAGE_STANDARD = "gnu++0x";
				CLANG_CXX_LIBRARY = "libc++";
				CLANG_ENABLE_MODULES = YES;
				CLANG_ENABLE_OBJC_ARC = YES;
				CLANG_WARN_BOOL_CONVERSION = YES;
				CLANG_WARN_CONSTANT_CONVERSION = YES;
				CLANG_WARN_DIRECT_OBJC_ISA_USAGE = YES_ERROR;
				CLANG_WARN_DOCUMENTATION_COMMENTS = YES;
				CLANG_WARN_EMPTY_BODY = YES;
				CLANG_WARN_ENUM_CONVERSION = YES;
				CLANG_WARN_INFINITE_RECURSION = YES;
				CLANG_WARN_INT_CONVERSION = YES;
				CLANG_WARN_OBJC_ROOT_CLASS = YES_ERROR;
				CLANG_WARN_SUSPICIOUS_MOVE = YES;
				CLANG_WARN_UNREACHABLE_CODE = YES;
				CLANG_WARN__DUPLICATE_METHOD_MATCH = YES;
				"CODE_SIGN_IDENTITY[sdk=iphoneos*]" = "iPhone Developer";
				COPY_PHASE_STRIP = NO;
				DEBUG_INFORMATION_FORMAT = "dwarf-with-dsym";
				ENABLE_NS_ASSERTIONS = NO;
				ENABLE_STRICT_OBJC_MSGSEND = YES;
				GCC_C_LANGUAGE_STANDARD = gnu99;
				GCC_NO_COMMON_BLOCKS = YES;
				GCC_WARN_64_TO_32_BIT_CONVERSION = YES;
				GCC_WARN_ABOUT_RETURN_TYPE = YES_ERROR;
				GCC_WARN_UNDECLARED_SELECTOR = YES;
				GCC_WARN_UNINITIALIZED_AUTOS = YES_AGGRESSIVE;
				GCC_WARN_UNUSED_FUNCTION = YES;
				GCC_WARN_UNUSED_VARIABLE = YES;
				IPHONEOS_DEPLOYMENT_TARGET = 10.2;
				MTL_ENABLE_DEBUG_INFO = NO;
				SDKROOT = iphoneos;
				VALIDATE_PRODUCT = YES;
			};
			name = Release;
		};
		C96DF0D71E5D708300DB1EDD /* Debug */ = {
			isa = XCBuildConfiguration;
			baseConfigurationReference = F3BBF5F1FCCE9428ACAD127A /* Pods-RX3_ExtExample.debug.xcconfig */;
			buildSettings = {
				ASSETCATALOG_COMPILER_APPICON_NAME = AppIcon;
				ASSETCATALOG_COMPILER_LAUNCHIMAGE_NAME = LaunchImage;
				DEVELOPMENT_TEAM = BMW986WME7;
				INFOPLIST_FILE = RX3_ExtExample/Info.plist;
				IPHONEOS_DEPLOYMENT_TARGET = 8.0;
				LD_RUNPATH_SEARCH_PATHS = "$(inherited) @executable_path/Frameworks";
				PRODUCT_BUNDLE_IDENTIFIER = "com.Rush.RX3-ExtExample";
				PRODUCT_NAME = "$(TARGET_NAME)";
			};
			name = Debug;
		};
		C96DF0D81E5D708300DB1EDD /* Release */ = {
			isa = XCBuildConfiguration;
			baseConfigurationReference = A38D32005036A3D3B35D58EB /* Pods-RX3_ExtExample.release.xcconfig */;
			buildSettings = {
				ASSETCATALOG_COMPILER_APPICON_NAME = AppIcon;
				ASSETCATALOG_COMPILER_LAUNCHIMAGE_NAME = LaunchImage;
				DEVELOPMENT_TEAM = BMW986WME7;
				INFOPLIST_FILE = RX3_ExtExample/Info.plist;
				IPHONEOS_DEPLOYMENT_TARGET = 8.0;
				LD_RUNPATH_SEARCH_PATHS = "$(inherited) @executable_path/Frameworks";
				PRODUCT_BUNDLE_IDENTIFIER = "com.Rush.RX3-ExtExample";
				PRODUCT_NAME = "$(TARGET_NAME)";
			};
			name = Release;
		};
/* End XCBuildConfiguration section */

/* Begin XCConfigurationList section */
		C96DF0BA1E5D708200DB1EDD /* Build configuration list for PBXProject "RX3_ExtExample" */ = {
			isa = XCConfigurationList;
			buildConfigurations = (
				C96DF0D41E5D708300DB1EDD /* Debug */,
				C96DF0D51E5D708300DB1EDD /* Release */,
			);
			defaultConfigurationIsVisible = 0;
			defaultConfigurationName = Release;
		};
		C96DF0D61E5D708300DB1EDD /* Build configuration list for PBXNativeTarget "RX3_ExtExample" */ = {
			isa = XCConfigurationList;
			buildConfigurations = (
				C96DF0D71E5D708300DB1EDD /* Debug */,
				C96DF0D81E5D708300DB1EDD /* Release */,
			);
			defaultConfigurationIsVisible = 0;
			defaultConfigurationName = Release;
		};
/* End XCConfigurationList section */
	};
	rootObject = C96DF0B71E5D708200DB1EDD /* Project object */;
}
